
Microsoft Visual Studio Solution File, Format Version 12.00
# Visual Studio 14
VisualStudioVersion = 14.0.25420.1
MinimumVisualStudioVersion = 10.0.40219.1
Project("{FAE04EC0-301F-11D3-BF4B-00C04F79EFBC}") = "LinkUs", "LinkUs\LinkUs.csproj", "{0A5AD8DA-E2B1-4D51-927C-0593AD9EDCC0}"
EndProject
Project("{FAE04EC0-301F-11D3-BF4B-00C04F79EFBC}") = "LinkUs.CommandLine", "LinkUs.CommandLine\LinkUs.CommandLine.csproj", "{EE5016C8-1091-4EBC-B098-BCC102DE002B}"
EndProject
Project("{FAE04EC0-301F-11D3-BF4B-00C04F79EFBC}") = "LinkUs.Victim", "LinkUs.Victim\LinkUs.Victim.csproj", "{FE5906F7-B211-43FF-802D-8E229B50E16B}"
EndProject
Project("{FAE04EC0-301F-11D3-BF4B-00C04F79EFBC}") = "0 - LinkUs.Core", "LinkUs.Core\0 - LinkUs.Core.csproj", "{511C52CB-31E3-43AE-92E7-481FF4C82ACB}"
EndProject
Global
	GlobalSection(SolutionConfigurationPlatforms) = preSolution
		Debug|Any CPU = Debug|Any CPU
		Release|Any CPU = Release|Any CPU
	EndGlobalSection
	GlobalSection(ProjectConfigurationPlatforms) = postSolution
		{0A5AD8DA-E2B1-4D51-927C-0593AD9EDCC0}.Debug|Any CPU.ActiveCfg = Debug|Any CPU
		{0A5AD8DA-E2B1-4D51-927C-0593AD9EDCC0}.Debug|Any CPU.Build.0 = Debug|Any CPU
		{0A5AD8DA-E2B1-4D51-927C-0593AD9EDCC0}.Release|Any CPU.ActiveCfg = Release|Any CPU
		{0A5AD8DA-E2B1-4D51-927C-0593AD9EDCC0}.Release|Any CPU.Build.0 = Release|Any CPU
		{EE5016C8-1091-4EBC-B098-BCC102DE002B}.Debug|Any CPU.ActiveCfg = Debug|Any CPU
		{EE5016C8-1091-4EBC-B098-BCC102DE002B}.Debug|Any CPU.Build.0 = Debug|Any CPU
		{EE5016C8-1091-4EBC-B098-BCC102DE002B}.Release|Any CPU.ActiveCfg = Release|Any CPU
		{EE5016C8-1091-4EBC-B098-BCC102DE002B}.Release|Any CPU.Build.0 = Release|Any CPU
		{FE5906F7-B211-43FF-802D-8E229B50E16B}.Debug|Any CPU.ActiveCfg = Debug|Any CPU
		{FE5906F7-B211-43FF-802D-8E229B50E16B}.Debug|Any CPU.Build.0 = Debug|Any CPU
		{FE5906F7-B211-43FF-802D-8E229B50E16B}.Release|Any CPU.ActiveCfg = Release|Any CPU
		{FE5906F7-B211-43FF-802D-8E229B50E16B}.Release|Any CPU.Build.0 = Release|Any CPU
		{511C52CB-31E3-43AE-92E7-481FF4C82ACB}.Debug|Any CPU.ActiveCfg = Debug|Any CPU
		{511C52CB-31E3-43AE-92E7-481FF4C82ACB}.Debug|Any CPU.Build.0 = Debug|Any CPU
		{511C52CB-31E3-43AE-92E7-481FF4C82ACB}.Release|Any CPU.ActiveCfg = Release|Any CPU
		{511C52CB-31E3-43AE-92E7-481FF4C82ACB}.Release|Any CPU.Build.0 = Release|Any CPU
	EndGlobalSection
	GlobalSection(SolutionProperties) = preSolution
		HideSolutionNode = FALSE
	EndGlobalSection
EndGlobal
